{
  "name": "fuzzy-coordinates-matching",
  "version": "1.0.0",
  "lockfileVersion": 1,
  "requires": true,
  "dependencies": {
    "cheap-ruler": {
      "version": "2.5.1",
      "resolved": "https://registry.npmjs.org/cheap-ruler/-/cheap-ruler-2.5.1.tgz",
      "integrity": "sha512-5x22zeBDPIXdDDiqIsC8tkOY1HEBD6FCRCfsvgwNg9yelClCpvfNGk0L2MotxTDEL4aoXOUUgdm3rPOBSLF+jA=="
    }
  }
}
